// !$*UTF8*$!
{
	archiveVersion = 1;
	classes = {
	};
	objectVersion = 50;
	objects = {

/* Begin PBXBuildFile section */
		0BCBE7162CE8D49C7CCD6FC1 /* Pods_ComptoneTests.framework in Frameworks */ = {isa = PBXBuildFile; fileRef = CAE05FB2FF91355E3CB32583 /* Pods_ComptoneTests.framework */; };
		5AA39E1D0025A39080D7D1FA /* Pods_ComptoneUITests.framework in Frameworks */ = {isa = PBXBuildFile; fileRef = 20D8B40FAC965ED5363C5FE0 /* Pods_ComptoneUITests.framework */; };
		B08E44F5229C7FB500D89DDA /* GoogleService-Info.plist in Resources */ = {isa = PBXBuildFile; fileRef = B08E44F4229C7FB500D89DDA /* GoogleService-Info.plist */; };
		B08E44F722A0676500D89DDA /* SearchViewController.swift in Sources */ = {isa = PBXBuildFile; fileRef = B08E44F622A0676500D89DDA /* SearchViewController.swift */; };
		B08E44FD22A06B1E00D89DDA /* Track.swift in Sources */ = {isa = PBXBuildFile; fileRef = B08E44FC22A06B1E00D89DDA /* Track.swift */; };
		B08E450022A1A57600D89DDA /* ITunesAPI.swift in Sources */ = {isa = PBXBuildFile; fileRef = B08E44FF22A1A57600D89DDA /* ITunesAPI.swift */; };
		B08E450522A1AB8D00D89DDA /* TrackCell.swift in Sources */ = {isa = PBXBuildFile; fileRef = B08E450322A1AB8C00D89DDA /* TrackCell.swift */; };
		B08E450622A1AB8D00D89DDA /* TrackCell.xib in Resources */ = {isa = PBXBuildFile; fileRef = B08E450422A1AB8C00D89DDA /* TrackCell.xib */; };
		B0F08E34226B82EB0041488B /* AppDelegate.swift in Sources */ = {isa = PBXBuildFile; fileRef = B0F08E33226B82EB0041488B /* AppDelegate.swift */; };
		B0F08E36226B82EB0041488B /* ViewController.swift in Sources */ = {isa = PBXBuildFile; fileRef = B0F08E35226B82EB0041488B /* ViewController.swift */; };
		B0F08E39226B82EB0041488B /* Main.storyboard in Resources */ = {isa = PBXBuildFile; fileRef = B0F08E37226B82EB0041488B /* Main.storyboard */; };
		B0F08E3B226B82F30041488B /* Assets.xcassets in Resources */ = {isa = PBXBuildFile; fileRef = B0F08E3A226B82F30041488B /* Assets.xcassets */; };
		B0F08E3E226B82F30041488B /* LaunchScreen.storyboard in Resources */ = {isa = PBXBuildFile; fileRef = B0F08E3C226B82F30041488B /* LaunchScreen.storyboard */; };
		E249A3C2C1C70AE9DE8C559E /* Pods_Comptone.framework in Frameworks */ = {isa = PBXBuildFile; fileRef = 7AD97303D0F8A794CAD53C19 /* Pods_Comptone.framework */; };
/* End PBXBuildFile section */

/* Begin PBXContainerItemProxy section */
		B0F08E45226B82F40041488B /* PBXContainerItemProxy */ = {
			isa = PBXContainerItemProxy;
			containerPortal = B0F08E28226B82EB0041488B /* Project object */;
			proxyType = 1;
			remoteGlobalIDString = B0F08E2F226B82EB0041488B;
			remoteInfo = Playlist;
		};
		B0F08E50226B82F40041488B /* PBXContainerItemProxy */ = {
			isa = PBXContainerItemProxy;
			containerPortal = B0F08E28226B82EB0041488B /* Project object */;
			proxyType = 1;
			remoteGlobalIDString = B0F08E2F226B82EB0041488B;
			remoteInfo = Playlist;
		};
/* End PBXContainerItemProxy section */

/* Begin PBXFileReference section */
		20D8B40FAC965ED5363C5FE0 /* Pods_ComptoneUITests.framework */ = {isa = PBXFileReference; explicitFileType = wrapper.framework; includeInIndex = 0; path = Pods_ComptoneUITests.framework; sourceTree = BUILT_PRODUCTS_DIR; };
		2F8A39E5ADF051580D3C2188 /* Pods-ComptoneTests.debug.xcconfig */ = {isa = PBXFileReference; includeInIndex = 1; lastKnownFileType = text.xcconfig; name = "Pods-ComptoneTests.debug.xcconfig"; path = "Pods/Target Support Files/Pods-ComptoneTests/Pods-ComptoneTests.debug.xcconfig"; sourceTree = "<group>"; };
		7AD97303D0F8A794CAD53C19 /* Pods_Comptone.framework */ = {isa = PBXFileReference; explicitFileType = wrapper.framework; includeInIndex = 0; path = Pods_Comptone.framework; sourceTree = BUILT_PRODUCTS_DIR; };
		7C995BDD02E2CA4566917432 /* Pods-ComptoneTests.release.xcconfig */ = {isa = PBXFileReference; includeInIndex = 1; lastKnownFileType = text.xcconfig; name = "Pods-ComptoneTests.release.xcconfig"; path = "Pods/Target Support Files/Pods-ComptoneTests/Pods-ComptoneTests.release.xcconfig"; sourceTree = "<group>"; };
		8433AB864B6AA4DD0694AF34 /* Pods-Comptone.debug.xcconfig */ = {isa = PBXFileReference; includeInIndex = 1; lastKnownFileType = text.xcconfig; name = "Pods-Comptone.debug.xcconfig"; path = "Pods/Target Support Files/Pods-Comptone/Pods-Comptone.debug.xcconfig"; sourceTree = "<group>"; };
		916D801C7F86AEC11EBD6A7B /* Pods-Comptone.release.xcconfig */ = {isa = PBXFileReference; includeInIndex = 1; lastKnownFileType = text.xcconfig; name = "Pods-Comptone.release.xcconfig"; path = "Pods/Target Support Files/Pods-Comptone/Pods-Comptone.release.xcconfig"; sourceTree = "<group>"; };
		96C5F630DD8D8AC177E9C8EA /* Pods-ComptoneUITests.debug.xcconfig */ = {isa = PBXFileReference; includeInIndex = 1; lastKnownFileType = text.xcconfig; name = "Pods-ComptoneUITests.debug.xcconfig"; path = "Pods/Target Support Files/Pods-ComptoneUITests/Pods-ComptoneUITests.debug.xcconfig"; sourceTree = "<group>"; };
		B08E44F4229C7FB500D89DDA /* GoogleService-Info.plist */ = {isa = PBXFileReference; fileEncoding = 4; lastKnownFileType = text.plist.xml; path = "GoogleService-Info.plist"; sourceTree = "<group>"; };
		B08E44F622A0676500D89DDA /* SearchViewController.swift */ = {isa = PBXFileReference; lastKnownFileType = sourcecode.swift; path = SearchViewController.swift; sourceTree = "<group>"; };
		B08E44FC22A06B1E00D89DDA /* Track.swift */ = {isa = PBXFileReference; lastKnownFileType = sourcecode.swift; path = Track.swift; sourceTree = "<group>"; };
		B08E44FF22A1A57600D89DDA /* ITunesAPI.swift */ = {isa = PBXFileReference; lastKnownFileType = sourcecode.swift; path = ITunesAPI.swift; sourceTree = "<group>"; };
		B08E450322A1AB8C00D89DDA /* TrackCell.swift */ = {isa = PBXFileReference; lastKnownFileType = sourcecode.swift; path = TrackCell.swift; sourceTree = "<group>"; };
		B08E450422A1AB8C00D89DDA /* TrackCell.xib */ = {isa = PBXFileReference; lastKnownFileType = file.xib; path = TrackCell.xib; sourceTree = "<group>"; };
		B0F08E30226B82EB0041488B /* Comptone.app */ = {isa = PBXFileReference; explicitFileType = wrapper.application; includeInIndex = 0; path = Comptone.app; sourceTree = BUILT_PRODUCTS_DIR; };
		B0F08E33226B82EB0041488B /* AppDelegate.swift */ = {isa = PBXFileReference; lastKnownFileType = sourcecode.swift; path = AppDelegate.swift; sourceTree = "<group>"; };
		B0F08E35226B82EB0041488B /* ViewController.swift */ = {isa = PBXFileReference; lastKnownFileType = sourcecode.swift; path = ViewController.swift; sourceTree = "<group>"; };
		B0F08E38226B82EB0041488B /* Base */ = {isa = PBXFileReference; lastKnownFileType = file.storyboard; name = Base; path = Base.lproj/Main.storyboard; sourceTree = "<group>"; };
		B0F08E3A226B82F30041488B /* Assets.xcassets */ = {isa = PBXFileReference; lastKnownFileType = folder.assetcatalog; path = Assets.xcassets; sourceTree = "<group>"; };
		B0F08E3D226B82F30041488B /* Base */ = {isa = PBXFileReference; lastKnownFileType = file.storyboard; name = Base; path = Base.lproj/LaunchScreen.storyboard; sourceTree = "<group>"; };
		B0F08E3F226B82F30041488B /* Info.plist */ = {isa = PBXFileReference; lastKnownFileType = text.plist.xml; path = Info.plist; sourceTree = "<group>"; };
		B0F08E44226B82F40041488B /* ComptoneTests.xctest */ = {isa = PBXFileReference; explicitFileType = wrapper.cfbundle; includeInIndex = 0; path = ComptoneTests.xctest; sourceTree = BUILT_PRODUCTS_DIR; };
		B0F08E4F226B82F40041488B /* ComptoneUITests.xctest */ = {isa = PBXFileReference; explicitFileType = wrapper.cfbundle; includeInIndex = 0; path = ComptoneUITests.xctest; sourceTree = BUILT_PRODUCTS_DIR; };
		BACFCF9A2C798B6E914698F8 /* Pods-ComptoneUITests.release.xcconfig */ = {isa = PBXFileReference; includeInIndex = 1; lastKnownFileType = text.xcconfig; name = "Pods-ComptoneUITests.release.xcconfig"; path = "Pods/Target Support Files/Pods-ComptoneUITests/Pods-ComptoneUITests.release.xcconfig"; sourceTree = "<group>"; };
		CAE05FB2FF91355E3CB32583 /* Pods_ComptoneTests.framework */ = {isa = PBXFileReference; explicitFileType = wrapper.framework; includeInIndex = 0; path = Pods_ComptoneTests.framework; sourceTree = BUILT_PRODUCTS_DIR; };
/* End PBXFileReference section */

/* Begin PBXFrameworksBuildPhase section */
		B0F08E2D226B82EB0041488B /* Frameworks */ = {
			isa = PBXFrameworksBuildPhase;
			buildActionMask = 2147483647;
			files = (
				E249A3C2C1C70AE9DE8C559E /* Pods_Comptone.framework in Frameworks */,
			);
			runOnlyForDeploymentPostprocessing = 0;
		};
		B0F08E41226B82F40041488B /* Frameworks */ = {
			isa = PBXFrameworksBuildPhase;
			buildActionMask = 2147483647;
			files = (
				0BCBE7162CE8D49C7CCD6FC1 /* Pods_ComptoneTests.framework in Frameworks */,
			);
			runOnlyForDeploymentPostprocessing = 0;
		};
		B0F08E4C226B82F40041488B /* Frameworks */ = {
			isa = PBXFrameworksBuildPhase;
			buildActionMask = 2147483647;
			files = (
				5AA39E1D0025A39080D7D1FA /* Pods_ComptoneUITests.framework in Frameworks */,
			);
			runOnlyForDeploymentPostprocessing = 0;
		};
/* End PBXFrameworksBuildPhase section */

/* Begin PBXGroup section */
		60BEEA1F0DA2F7C27CDB51DA /* Frameworks */ = {
			isa = PBXGroup;
			children = (
				7AD97303D0F8A794CAD53C19 /* Pods_Comptone.framework */,
				CAE05FB2FF91355E3CB32583 /* Pods_ComptoneTests.framework */,
				20D8B40FAC965ED5363C5FE0 /* Pods_ComptoneUITests.framework */,
			);
			name = Frameworks;
			sourceTree = "<group>";
		};
		B08E44FB22A06B1000D89DDA /* Models */ = {
			isa = PBXGroup;
			children = (
				B08E44FC22A06B1E00D89DDA /* Track.swift */,
			);
			path = Models;
			sourceTree = "<group>";
		};
		B08E44FE22A1A55E00D89DDA /* API */ = {
			isa = PBXGroup;
			children = (
				B08E44FF22A1A57600D89DDA /* ITunesAPI.swift */,
			);
			path = API;
			sourceTree = "<group>";
		};
		B08E450222A1AB7200D89DDA /* TrackCell */ = {
			isa = PBXGroup;
			children = (
				B08E450322A1AB8C00D89DDA /* TrackCell.swift */,
				B08E450422A1AB8C00D89DDA /* TrackCell.xib */,
			);
			path = TrackCell;
			sourceTree = "<group>";
		};
		B0F08E27226B82EB0041488B = {
			isa = PBXGroup;
			children = (
				B0F08E32226B82EB0041488B /* Comptone */,
				B0F08E31226B82EB0041488B /* Products */,
				F0DCBC96A572AC5FF43C67A6 /* Pods */,
				60BEEA1F0DA2F7C27CDB51DA /* Frameworks */,
			);
			sourceTree = "<group>";
		};
		B0F08E31226B82EB0041488B /* Products */ = {
			isa = PBXGroup;
			children = (
				B0F08E30226B82EB0041488B /* Comptone.app */,
				B0F08E44226B82F40041488B /* ComptoneTests.xctest */,
				B0F08E4F226B82F40041488B /* ComptoneUITests.xctest */,
			);
			name = Products;
			sourceTree = "<group>";
		};
		B0F08E32226B82EB0041488B /* Comptone */ = {
			isa = PBXGroup;
			children = (
				B08E44FE22A1A55E00D89DDA /* API */,
				B08E44FB22A06B1000D89DDA /* Models */,
				B0F08E33226B82EB0041488B /* AppDelegate.swift */,
				B0F08E35226B82EB0041488B /* ViewController.swift */,
				B08E44F622A0676500D89DDA /* SearchViewController.swift */,
				B08E450222A1AB7200D89DDA /* TrackCell */,
				B0F08E37226B82EB0041488B /* Main.storyboard */,
				B0F08E3A226B82F30041488B /* Assets.xcassets */,
				B0F08E3C226B82F30041488B /* LaunchScreen.storyboard */,
				B08E44F4229C7FB500D89DDA /* GoogleService-Info.plist */,
				B0F08E3F226B82F30041488B /* Info.plist */,
			);
			path = Comptone;
			sourceTree = "<group>";
		};
		F0DCBC96A572AC5FF43C67A6 /* Pods */ = {
			isa = PBXGroup;
			children = (
				8433AB864B6AA4DD0694AF34 /* Pods-Comptone.debug.xcconfig */,
				916D801C7F86AEC11EBD6A7B /* Pods-Comptone.release.xcconfig */,
				2F8A39E5ADF051580D3C2188 /* Pods-ComptoneTests.debug.xcconfig */,
				7C995BDD02E2CA4566917432 /* Pods-ComptoneTests.release.xcconfig */,
				96C5F630DD8D8AC177E9C8EA /* Pods-ComptoneUITests.debug.xcconfig */,
				BACFCF9A2C798B6E914698F8 /* Pods-ComptoneUITests.release.xcconfig */,
			);
			name = Pods;
			sourceTree = "<group>";
		};
/* End PBXGroup section */

/* Begin PBXNativeTarget section */
		B0F08E2F226B82EB0041488B /* Comptone */ = {
			isa = PBXNativeTarget;
			buildConfigurationList = B0F08E58226B82F40041488B /* Build configuration list for PBXNativeTarget "Comptone" */;
			buildPhases = (
				F2F7494DE6DAF7F4070E3B22 /* [CP] Check Pods Manifest.lock */,
				B0F08E2C226B82EB0041488B /* Sources */,
				B0F08E2D226B82EB0041488B /* Frameworks */,
				B0F08E2E226B82EB0041488B /* Resources */,
				11914583405E790FC0E115EA /* [CP] Embed Pods Frameworks */,
			);
			buildRules = (
			);
			dependencies = (
			);
			name = Comptone;
			productName = Playlist;
			productReference = B0F08E30226B82EB0041488B /* Comptone.app */;
			productType = "com.apple.product-type.application";
		};
		B0F08E43226B82F40041488B /* ComptoneTests */ = {
			isa = PBXNativeTarget;
			buildConfigurationList = B0F08E5B226B82F40041488B /* Build configuration list for PBXNativeTarget "ComptoneTests" */;
			buildPhases = (
				D0C515C5608B19239218AB6D /* [CP] Check Pods Manifest.lock */,
				B0F08E40226B82F40041488B /* Sources */,
				B0F08E41226B82F40041488B /* Frameworks */,
				B0F08E42226B82F40041488B /* Resources */,
			);
			buildRules = (
			);
			dependencies = (
				B0F08E46226B82F40041488B /* PBXTargetDependency */,
			);
			name = ComptoneTests;
			productName = PlaylistTests;
			productReference = B0F08E44226B82F40041488B /* ComptoneTests.xctest */;
			productType = "com.apple.product-type.bundle.unit-test";
		};
		B0F08E4E226B82F40041488B /* ComptoneUITests */ = {
			isa = PBXNativeTarget;
			buildConfigurationList = B0F08E5E226B82F40041488B /* Build configuration list for PBXNativeTarget "ComptoneUITests" */;
			buildPhases = (
				491E6A13B2AB9DDBA51FF08A /* [CP] Check Pods Manifest.lock */,
				B0F08E4B226B82F40041488B /* Sources */,
				B0F08E4C226B82F40041488B /* Frameworks */,
				B0F08E4D226B82F40041488B /* Resources */,
			);
			buildRules = (
			);
			dependencies = (
				B0F08E51226B82F40041488B /* PBXTargetDependency */,
			);
			name = ComptoneUITests;
			productName = PlaylistUITests;
			productReference = B0F08E4F226B82F40041488B /* ComptoneUITests.xctest */;
			productType = "com.apple.product-type.bundle.ui-testing";
		};
/* End PBXNativeTarget section */

/* Begin PBXProject section */
		B0F08E28226B82EB0041488B /* Project object */ = {
			isa = PBXProject;
			attributes = {
				LastSwiftUpdateCheck = 1000;
				LastUpgradeCheck = 1000;
				ORGANIZATIONNAME = "Anton Goncharov";
				TargetAttributes = {
					B0F08E2F226B82EB0041488B = {
						CreatedOnToolsVersion = 10.0;
						SystemCapabilities = {
							com.apple.BackgroundModes = {
								enabled = 1;
							};
						};
					};
					B0F08E43226B82F40041488B = {
						CreatedOnToolsVersion = 10.0;
						TestTargetID = B0F08E2F226B82EB0041488B;
					};
					B0F08E4E226B82F40041488B = {
						CreatedOnToolsVersion = 10.0;
						TestTargetID = B0F08E2F226B82EB0041488B;
					};
				};
			};
			buildConfigurationList = B0F08E2B226B82EB0041488B /* Build configuration list for PBXProject "Comptone" */;
			compatibilityVersion = "Xcode 9.3";
			developmentRegion = en;
			hasScannedForEncodings = 0;
			knownRegions = (
				en,
				Base,
			);
			mainGroup = B0F08E27226B82EB0041488B;
			productRefGroup = B0F08E31226B82EB0041488B /* Products */;
			projectDirPath = "";
			projectRoot = "";
			targets = (
				B0F08E2F226B82EB0041488B /* Comptone */,
				B0F08E43226B82F40041488B /* ComptoneTests */,
				B0F08E4E226B82F40041488B /* ComptoneUITests */,
			);
		};
/* End PBXProject section */

/* Begin PBXResourcesBuildPhase section */
		B0F08E2E226B82EB0041488B /* Resources */ = {
			isa = PBXResourcesBuildPhase;
			buildActionMask = 2147483647;
			files = (
				B0F08E3E226B82F30041488B /* LaunchScreen.storyboard in Resources */,
				B08E450622A1AB8D00D89DDA /* TrackCell.xib in Resources */,
				B08E44F5229C7FB500D89DDA /* GoogleService-Info.plist in Resources */,
				B0F08E3B226B82F30041488B /* Assets.xcassets in Resources */,
				B0F08E39226B82EB0041488B /* Main.storyboard in Resources */,
			);
			runOnlyForDeploymentPostprocessing = 0;
		};
		B0F08E42226B82F40041488B /* Resources */ = {
			isa = PBXResourcesBuildPhase;
			buildActionMask = 2147483647;
			files = (
			);
			runOnlyForDeploymentPostprocessing = 0;
		};
		B0F08E4D226B82F40041488B /* Resources */ = {
			isa = PBXResourcesBuildPhase;
			buildActionMask = 2147483647;
			files = (
			);
			runOnlyForDeploymentPostprocessing = 0;
		};
/* End PBXResourcesBuildPhase section */

/* Begin PBXShellScriptBuildPhase section */
		11914583405E790FC0E115EA /* [CP] Embed Pods Frameworks */ = {
			isa = PBXShellScriptBuildPhase;
			buildActionMask = 2147483647;
			files = (
			);
			inputFileListPaths = (
			);
			inputPaths = (
				"${SRCROOT}/Pods/Target Support Files/Pods-Comptone/Pods-Comptone-frameworks.sh",
				"${BUILT_PRODUCTS_DIR}/Alamofire/Alamofire.framework",
				"${BUILT_PRODUCTS_DIR}/GoogleUtilities/GoogleUtilities.framework",
				"${BUILT_PRODUCTS_DIR}/Kingfisher/Kingfisher.framework",
				"${BUILT_PRODUCTS_DIR}/Moya/Moya.framework",
				"${BUILT_PRODUCTS_DIR}/Result/Result.framework",
				"${BUILT_PRODUCTS_DIR}/leveldb-library/leveldb.framework",
				"${BUILT_PRODUCTS_DIR}/nanopb/nanopb.framework",
			);
			name = "[CP] Embed Pods Frameworks";
			outputFileListPaths = (
			);
			outputPaths = (
				"${TARGET_BUILD_DIR}/${FRAMEWORKS_FOLDER_PATH}/Alamofire.framework",
				"${TARGET_BUILD_DIR}/${FRAMEWORKS_FOLDER_PATH}/GoogleUtilities.framework",
				"${TARGET_BUILD_DIR}/${FRAMEWORKS_FOLDER_PATH}/Kingfisher.framework",
				"${TARGET_BUILD_DIR}/${FRAMEWORKS_FOLDER_PATH}/Moya.framework",
				"${TARGET_BUILD_DIR}/${FRAMEWORKS_FOLDER_PATH}/Result.framework",
				"${TARGET_BUILD_DIR}/${FRAMEWORKS_FOLDER_PATH}/leveldb.framework",
				"${TARGET_BUILD_DIR}/${FRAMEWORKS_FOLDER_PATH}/nanopb.framework",
			);
			runOnlyForDeploymentPostprocessing = 0;
			shellPath = /bin/sh;
			shellScript = "\"${SRCROOT}/Pods/Target Support Files/Pods-Comptone/Pods-Comptone-frameworks.sh\"\n";
			showEnvVarsInLog = 0;
		};
		491E6A13B2AB9DDBA51FF08A /* [CP] Check Pods Manifest.lock */ = {
			isa = PBXShellScriptBuildPhase;
			buildActionMask = 2147483647;
			files = (
			);
			inputFileListPaths = (
			);
			inputPaths = (
				"${PODS_PODFILE_DIR_PATH}/Podfile.lock",
				"${PODS_ROOT}/Manifest.lock",
			);
			name = "[CP] Check Pods Manifest.lock";
			outputFileListPaths = (
			);
			outputPaths = (
				"$(DERIVED_FILE_DIR)/Pods-ComptoneUITests-checkManifestLockResult.txt",
			);
			runOnlyForDeploymentPostprocessing = 0;
			shellPath = /bin/sh;
			shellScript = "diff \"${PODS_PODFILE_DIR_PATH}/Podfile.lock\" \"${PODS_ROOT}/Manifest.lock\" > /dev/null\nif [ $? != 0 ] ; then\n    # print error to STDERR\n    echo \"error: The sandbox is not in sync with the Podfile.lock. Run 'pod install' or update your CocoaPods installation.\" >&2\n    exit 1\nfi\n# This output is used by Xcode 'outputs' to avoid re-running this script phase.\necho \"SUCCESS\" > \"${SCRIPT_OUTPUT_FILE_0}\"\n";
			showEnvVarsInLog = 0;
		};
		D0C515C5608B19239218AB6D /* [CP] Check Pods Manifest.lock */ = {
			isa = PBXShellScriptBuildPhase;
			buildActionMask = 2147483647;
			files = (
			);
			inputFileListPaths = (
			);
			inputPaths = (
				"${PODS_PODFILE_DIR_PATH}/Podfile.lock",
				"${PODS_ROOT}/Manifest.lock",
			);
			name = "[CP] Check Pods Manifest.lock";
			outputFileListPaths = (
			);
			outputPaths = (
				"$(DERIVED_FILE_DIR)/Pods-ComptoneTests-checkManifestLockResult.txt",
			);
			runOnlyForDeploymentPostprocessing = 0;
			shellPath = /bin/sh;
			shellScript = "diff \"${PODS_PODFILE_DIR_PATH}/Podfile.lock\" \"${PODS_ROOT}/Manifest.lock\" > /dev/null\nif [ $? != 0 ] ; then\n    # print error to STDERR\n    echo \"error: The sandbox is not in sync with the Podfile.lock. Run 'pod install' or update your CocoaPods installation.\" >&2\n    exit 1\nfi\n# This output is used by Xcode 'outputs' to avoid re-running this script phase.\necho \"SUCCESS\" > \"${SCRIPT_OUTPUT_FILE_0}\"\n";
			showEnvVarsInLog = 0;
		};
		F2F7494DE6DAF7F4070E3B22 /* [CP] Check Pods Manifest.lock */ = {
			isa = PBXShellScriptBuildPhase;
			buildActionMask = 2147483647;
			files = (
			);
			inputFileListPaths = (
			);
			inputPaths = (
				"${PODS_PODFILE_DIR_PATH}/Podfile.lock",
				"${PODS_ROOT}/Manifest.lock",
			);
			name = "[CP] Check Pods Manifest.lock";
			outputFileListPaths = (
			);
			outputPaths = (
				"$(DERIVED_FILE_DIR)/Pods-Comptone-checkManifestLockResult.txt",
			);
			runOnlyForDeploymentPostprocessing = 0;
			shellPath = /bin/sh;
			shellScript = "diff \"${PODS_PODFILE_DIR_PATH}/Podfile.lock\" \"${PODS_ROOT}/Manifest.lock\" > /dev/null\nif [ $? != 0 ] ; then\n    # print error to STDERR\n    echo \"error: The sandbox is not in sync with the Podfile.lock. Run 'pod install' or update your CocoaPods installation.\" >&2\n    exit 1\nfi\n# This output is used by Xcode 'outputs' to avoid re-running this script phase.\necho \"SUCCESS\" > \"${SCRIPT_OUTPUT_FILE_0}\"\n";
			showEnvVarsInLog = 0;
		};
/* End PBXShellScriptBuildPhase section */

/* Begin PBXSourcesBuildPhase section */
		B0F08E2C226B82EB0041488B /* Sources */ = {
			isa = PBXSourcesBuildPhase;
			buildActionMask = 2147483647;
			files = (
				B08E44F722A0676500D89DDA /* SearchViewController.swift in Sources */,
				B0F08E36226B82EB0041488B /* ViewController.swift in Sources */,
				B08E450022A1A57600D89DDA /* ITunesAPI.swift in Sources */,
				B0F08E34226B82EB0041488B /* AppDelegate.swift in Sources */,
				B08E44FD22A06B1E00D89DDA /* Track.swift in Sources */,
				B08E450522A1AB8D00D89DDA /* TrackCell.swift in Sources */,
			);
			runOnlyForDeploymentPostprocessing = 0;
		};
		B0F08E40226B82F40041488B /* Sources */ = {
			isa = PBXSourcesBuildPhase;
			buildActionMask = 2147483647;
			files = (
			);
			runOnlyForDeploymentPostprocessing = 0;
		};
		B0F08E4B226B82F40041488B /* Sources */ = {
			isa = PBXSourcesBuildPhase;
			buildActionMask = 2147483647;
			files = (
			);
			runOnlyForDeploymentPostprocessing = 0;
		};
/* End PBXSourcesBuildPhase section */

/* Begin PBXTargetDependency section */
		B0F08E46226B82F40041488B /* PBXTargetDependency */ = {
			isa = PBXTargetDependency;
			target = B0F08E2F226B82EB0041488B /* Comptone */;
			targetProxy = B0F08E45226B82F40041488B /* PBXContainerItemProxy */;
		};
		B0F08E51226B82F40041488B /* PBXTargetDependency */ = {
			isa = PBXTargetDependency;
			target = B0F08E2F226B82EB0041488B /* Comptone */;
			targetProxy = B0F08E50226B82F40041488B /* PBXContainerItemProxy */;
		};
/* End PBXTargetDependency section */

/* Begin PBXVariantGroup section */
		B0F08E37226B82EB0041488B /* Main.storyboard */ = {
			isa = PBXVariantGroup;
			children = (
				B0F08E38226B82EB0041488B /* Base */,
			);
			name = Main.storyboard;
			sourceTree = "<group>";
		};
		B0F08E3C226B82F30041488B /* LaunchScreen.storyboard */ = {
			isa = PBXVariantGroup;
			children = (
				B0F08E3D226B82F30041488B /* Base */,
			);
			name = LaunchScreen.storyboard;
			sourceTree = "<group>";
		};
/* End PBXVariantGroup section */

/* Begin XCBuildConfiguration section */
		B0F08E56226B82F40041488B /* Debug */ = {
			isa = XCBuildConfiguration;
			buildSettings = {
				ALWAYS_SEARCH_USER_PATHS = NO;
				CLANG_ANALYZER_NONNULL = YES;
				CLANG_ANALYZER_NUMBER_OBJECT_CONVERSION = YES_AGGRESSIVE;
				CLANG_CXX_LANGUAGE_STANDARD = "gnu++14";
				CLANG_CXX_LIBRARY = "libc++";
				CLANG_ENABLE_MODULES = YES;
				CLANG_ENABLE_OBJC_ARC = YES;
				CLANG_ENABLE_OBJC_WEAK = YES;
				CLANG_WARN_BLOCK_CAPTURE_AUTORELEASING = YES;
				CLANG_WARN_BOOL_CONVERSION = YES;
				CLANG_WARN_COMMA = YES;
				CLANG_WARN_CONSTANT_CONVERSION = YES;
				CLANG_WARN_DEPRECATED_OBJC_IMPLEMENTATIONS = YES;
				CLANG_WARN_DIRECT_OBJC_ISA_USAGE = YES_ERROR;
				CLANG_WARN_DOCUMENTATION_COMMENTS = YES;
				CLANG_WARN_EMPTY_BODY = YES;
				CLANG_WARN_ENUM_CONVERSION = YES;
				CLANG_WARN_INFINITE_RECURSION = YES;
				CLANG_WARN_INT_CONVERSION = YES;
				CLANG_WARN_NON_LITERAL_NULL_CONVERSION = YES;
				CLANG_WARN_OBJC_IMPLICIT_RETAIN_SELF = YES;
				CLANG_WARN_OBJC_LITERAL_CONVERSION = YES;
				CLANG_WARN_OBJC_ROOT_CLASS = YES_ERROR;
				CLANG_WARN_RANGE_LOOP_ANALYSIS = YES;
				CLANG_WARN_STRICT_PROTOTYPES = YES;
				CLANG_WARN_SUSPICIOUS_MOVE = YES;
				CLANG_WARN_UNGUARDED_AVAILABILITY = YES_AGGRESSIVE;
				CLANG_WARN_UNREACHABLE_CODE = YES;
				CLANG_WARN__DUPLICATE_METHOD_MATCH = YES;
				CODE_SIGN_IDENTITY = "iPhone Developer";
				COPY_PHASE_STRIP = NO;
				DEBUG_INFORMATION_FORMAT = dwarf;
				ENABLE_STRICT_OBJC_MSGSEND = YES;
				ENABLE_TESTABILITY = YES;
				GCC_C_LANGUAGE_STANDARD = gnu11;
				GCC_DYNAMIC_NO_PIC = NO;
				GCC_NO_COMMON_BLOCKS = YES;
				GCC_OPTIMIZATION_LEVEL = 0;
				GCC_PREPROCESSOR_DEFINITIONS = (
					"DEBUG=1",
					"$(inherited)",
				);
				GCC_WARN_64_TO_32_BIT_CONVERSION = YES;
				GCC_WARN_ABOUT_RETURN_TYPE = YES_ERROR;
				GCC_WARN_UNDECLARED_SELECTOR = YES;
				GCC_WARN_UNINITIALIZED_AUTOS = YES_AGGRESSIVE;
				GCC_WARN_UNUSED_FUNCTION = YES;
				GCC_WARN_UNUSED_VARIABLE = YES;
				IPHONEOS_DEPLOYMENT_TARGET = 12.0;
				MTL_ENABLE_DEBUG_INFO = INCLUDE_SOURCE;
				MTL_FAST_MATH = YES;
				ONLY_ACTIVE_ARCH = YES;
				SDKROOT = iphoneos;
				SWIFT_ACTIVE_COMPILATION_CONDITIONS = DEBUG;
				SWIFT_OPTIMIZATION_LEVEL = "-Onone";
			};
			name = Debug;
		};
		B0F08E57226B82F40041488B /* Release */ = {
			isa = XCBuildConfiguration;
			buildSettings = {
				ALWAYS_SEARCH_USER_PATHS = NO;
				CLANG_ANALYZER_NONNULL = YES;
				CLANG_ANALYZER_NUMBER_OBJECT_CONVERSION = YES_AGGRESSIVE;
				CLANG_CXX_LANGUAGE_STANDARD = "gnu++14";
				CLANG_CXX_LIBRARY = "libc++";
				CLANG_ENABLE_MODULES = YES;
				CLANG_ENABLE_OBJC_ARC = YES;
				CLANG_ENABLE_OBJC_WEAK = YES;
				CLANG_WARN_BLOCK_CAPTURE_AUTORELEASING = YES;
				CLANG_WARN_BOOL_CONVERSION = YES;
				CLANG_WARN_COMMA = YES;
				CLANG_WARN_CONSTANT_CONVERSION = YES;
				CLANG_WARN_DEPRECATED_OBJC_IMPLEMENTATIONS = YES;
				CLANG_WARN_DIRECT_OBJC_ISA_USAGE = YES_ERROR;
				CLANG_WARN_DOCUMENTATION_COMMENTS = YES;
				CLANG_WARN_EMPTY_BODY = YES;
				CLANG_WARN_ENUM_CONVERSION = YES;
				CLANG_WARN_INFINITE_RECURSION = YES;
				CLANG_WARN_INT_CONVERSION = YES;
				CLANG_WARN_NON_LITERAL_NULL_CONVERSION = YES;
				CLANG_WARN_OBJC_IMPLICIT_RETAIN_SELF = YES;
				CLANG_WARN_OBJC_LITERAL_CONVERSION = YES;
				CLANG_WARN_OBJC_ROOT_CLASS = YES_ERROR;
				CLANG_WARN_RANGE_LOOP_ANALYSIS = YES;
				CLANG_WARN_STRICT_PROTOTYPES = YES;
				CLANG_WARN_SUSPICIOUS_MOVE = YES;
				CLANG_WARN_UNGUARDED_AVAILABILITY = YES_AGGRESSIVE;
				CLANG_WARN_UNREACHABLE_CODE = YES;
				CLANG_WARN__DUPLICATE_METHOD_MATCH = YES;
				CODE_SIGN_IDENTITY = "iPhone Developer";
				COPY_PHASE_STRIP = NO;
				DEBUG_INFORMATION_FORMAT = "dwarf-with-dsym";
				ENABLE_NS_ASSERTIONS = NO;
				ENABLE_STRICT_OBJC_MSGSEND = YES;
				GCC_C_LANGUAGE_STANDARD = gnu11;
				GCC_NO_COMMON_BLOCKS = YES;
				GCC_WARN_64_TO_32_BIT_CONVERSION = YES;
				GCC_WARN_ABOUT_RETURN_TYPE = YES_ERROR;
				GCC_WARN_UNDECLARED_SELECTOR = YES;
				GCC_WARN_UNINITIALIZED_AUTOS = YES_AGGRESSIVE;
				GCC_WARN_UNUSED_FUNCTION = YES;
				GCC_WARN_UNUSED_VARIABLE = YES;
				IPHONEOS_DEPLOYMENT_TARGET = 12.0;
				MTL_ENABLE_DEBUG_INFO = NO;
				MTL_FAST_MATH = YES;
				SDKROOT = iphoneos;
				SWIFT_COMPILATION_MODE = wholemodule;
				SWIFT_OPTIMIZATION_LEVEL = "-O";
				VALIDATE_PRODUCT = YES;
			};
			name = Release;
		};
		B0F08E59226B82F40041488B /* Debug */ = {
			isa = XCBuildConfiguration;
			baseConfigurationReference = 8433AB864B6AA4DD0694AF34 /* Pods-Comptone.debug.xcconfig */;
			buildSettings = {
				ASSETCATALOG_COMPILER_APPICON_NAME = AppIcon;
				CODE_SIGN_IDENTITY = "iPhone Developer";
				CODE_SIGN_STYLE = Automatic;
				DEVELOPMENT_TEAM = F6J3L6W9J6;
				INFOPLIST_FILE = Comptone/Info.plist;
				LD_RUNPATH_SEARCH_PATHS = (
					"$(inherited)",
					"@executable_path/Frameworks",
				);
				PRODUCT_BUNDLE_IDENTIFIER = com.WatcherMaster.Comptone;
				PRODUCT_NAME = "$(TARGET_NAME)";
				PROVISIONING_PROFILE_SPECIFIER = "";
				SWIFT_VERSION = 4.2;
				TARGETED_DEVICE_FAMILY = "1,2";
			};
			name = Debug;
		};
		B0F08E5A226B82F40041488B /* Release */ = {
			isa = XCBuildConfiguration;
			baseConfigurationReference = 916D801C7F86AEC11EBD6A7B /* Pods-Comptone.release.xcconfig */;
			buildSettings = {
				ASSETCATALOG_COMPILER_APPICON_NAME = AppIcon;
				CODE_SIGN_IDENTITY = "iPhone Developer";
				CODE_SIGN_STYLE = Automatic;
				DEVELOPMENT_TEAM = F6J3L6W9J6;
				INFOPLIST_FILE = Comptone/Info.plist;
				LD_RUNPATH_SEARCH_PATHS = (
					"$(inherited)",
					"@executable_path/Frameworks",
				);
				PRODUCT_BUNDLE_IDENTIFIER = com.WatcherMaster.Comptone;
				PRODUCT_NAME = "$(TARGET_NAME)";
				PROVISIONING_PROFILE_SPECIFIER = "";
				SWIFT_VERSION = 4.2;
				TARGETED_DEVICE_FAMILY = "1,2";
			};
			name = Release;
		};
		B0F08E5C226B82F40041488B /* Debug */ = {
			isa = XCBuildConfiguration;
			baseConfigurationReference = 2F8A39E5ADF051580D3C2188 /* Pods-ComptoneTests.debug.xcconfig */;
			buildSettings = {
				ALWAYS_EMBED_SWIFT_STANDARD_LIBRARIES = YES;
				BUNDLE_LOADER = "$(TEST_HOST)";
				CODE_SIGN_STYLE = Automatic;
				INFOPLIST_FILE = PlaylistTests/Info.plist;
				LD_RUNPATH_SEARCH_PATHS = (
					"$(inherited)",
					"@executable_path/Frameworks",
					"@loader_path/Frameworks",
				);
				PRODUCT_BUNDLE_IDENTIFIER = watcherMaster.PlaylistTests;
				PRODUCT_NAME = "$(TARGET_NAME)";
				SWIFT_VERSION = 4.2;
				TARGETED_DEVICE_FAMILY = "1,2";
				TEST_HOST = "$(BUILT_PRODUCTS_DIR)/Comptone.app/Comptone";
			};
			name = Debug;
		};
		B0F08E5D226B82F40041488B /* Release */ = {
			isa = XCBuildConfiguration;
			baseConfigurationReference = 7C995BDD02E2CA4566917432 /* Pods-ComptoneTests.release.xcconfig */;
			buildSettings = {
				ALWAYS_EMBED_SWIFT_STANDARD_LIBRARIES = YES;
				BUNDLE_LOADER = "$(TEST_HOST)";
				CODE_SIGN_STYLE = Automatic;
				INFOPLIST_FILE = PlaylistTests/Info.plist;
				LD_RUNPATH_SEARCH_PATHS = (
					"$(inherited)",
					"@executable_path/Frameworks",
					"@loader_path/Frameworks",
				);
				PRODUCT_BUNDLE_IDENTIFIER = watcherMaster.PlaylistTests;
				PRODUCT_NAME = "$(TARGET_NAME)";
				SWIFT_VERSION = 4.2;
				TARGETED_DEVICE_FAMILY = "1,2";
				TEST_HOST = "$(BUILT_PRODUCTS_DIR)/Comptone.app/Comptone";
			};
			name = Release;
		};
		B0F08E5F226B82F40041488B /* Debug */ = {
			isa = XCBuildConfiguration;
			baseConfigurationReference = 96C5F630DD8D8AC177E9C8EA /* Pods-ComptoneUITests.debug.xcconfig */;
			buildSettings = {
				ALWAYS_EMBED_SWIFT_STANDARD_LIBRARIES = YES;
				CODE_SIGN_STYLE = Automatic;
				INFOPLIST_FILE = PlaylistUITests/Info.plist;
				LD_RUNPATH_SEARCH_PATHS = (
					"$(inherited)",
					"@executable_path/Frameworks",
					"@loader_path/Frameworks",
				);
				PRODUCT_BUNDLE_IDENTIFIER = watcherMaster.PlaylistUITests;
				PRODUCT_NAME = "$(TARGET_NAME)";
				SWIFT_VERSION = 4.2;
				TARGETED_DEVICE_FAMILY = "1,2";
				TEST_TARGET_NAME = Playlist;
			};
			name = Debug;
		};
		B0F08E60226B82F40041488B /* Release */ = {
			isa = XCBuildConfiguration;
			baseConfigurationReference = BACFCF9A2C798B6E914698F8 /* Pods-ComptoneUITests.release.xcconfig */;
			buildSettings = {
				ALWAYS_EMBED_SWIFT_STANDARD_LIBRARIES = YES;
				CODE_SIGN_STYLE = Automatic;
				INFOPLIST_FILE = PlaylistUITests/Info.plist;
				LD_RUNPATH_SEARCH_PATHS = (
					"$(inherited)",
					"@executable_path/Frameworks",
					"@loader_path/Frameworks",
				);
				PRODUCT_BUNDLE_IDENTIFIER = watcherMaster.PlaylistUITests;
				PRODUCT_NAME = "$(TARGET_NAME)";
				SWIFT_VERSION = 4.2;
				TARGETED_DEVICE_FAMILY = "1,2";
				TEST_TARGET_NAME = Playlist;
			};
			name = Release;
		};
/* End XCBuildConfiguration section */

/* Begin XCConfigurationList section */
		B0F08E2B226B82EB0041488B /* Build configuration list for PBXProject "Comptone" */ = {
			isa = XCConfigurationList;
			buildConfigurations = (
				B0F08E56226B82F40041488B /* Debug */,
				B0F08E57226B82F40041488B /* Release */,
			);
			defaultConfigurationIsVisible = 0;
			defaultConfigurationName = Release;
		};
		B0F08E58226B82F40041488B /* Build configuration list for PBXNativeTarget "Comptone" */ = {
			isa = XCConfigurationList;
			buildConfigurations = (
				B0F08E59226B82F40041488B /* Debug */,
				B0F08E5A226B82F40041488B /* Release */,
			);
			defaultConfigurationIsVisible = 0;
			defaultConfigurationName = Release;
		};
		B0F08E5B226B82F40041488B /* Build configuration list for PBXNativeTarget "ComptoneTests" */ = {
			isa = XCConfigurationList;
			buildConfigurations = (
				B0F08E5C226B82F40041488B /* Debug */,
				B0F08E5D226B82F40041488B /* Release */,
			);
			defaultConfigurationIsVisible = 0;
			defaultConfigurationName = Release;
		};
		B0F08E5E226B82F40041488B /* Build configuration list for PBXNativeTarget "ComptoneUITests" */ = {
			isa = XCConfigurationList;
			buildConfigurations = (
				B0F08E5F226B82F40041488B /* Debug */,
				B0F08E60226B82F40041488B /* Release */,
			);
			defaultConfigurationIsVisible = 0;
			defaultConfigurationName = Release;
		};
/* End XCConfigurationList section */
	};
	rootObject = B0F08E28226B82EB0041488B /* Project object */;
}
